
Microsoft Visual Studio Solution File, Format Version 12.00
# Visual Studio 14
VisualStudioVersion = 14.0.25123.0
MinimumVisualStudioVersion = 10.0.40219.1
Project("{FAE04EC0-301F-11D3-BF4B-00C04F79EFBC}") = "WPFVersion", "WPFVersion\WPFVersion.csproj", "{05A46E9E-605C-42B5-AA9C-3B2D909A929E}"
EndProject
Global
	GlobalSection(SolutionConfigurationPlatforms) = preSolution
		Debug|Any CPU = Debug|Any CPU
		Release|Any CPU = Release|Any CPU
	EndGlobalSection
	GlobalSection(ProjectConfigurationPlatforms) = postSolution
		{05A46E9E-605C-42B5-AA9C-3B2D909A929E}.Debug|Any CPU.ActiveCfg = Debug|Any CPU
		{05A46E9E-605C-42B5-AA9C-3B2D909A929E}.Debug|Any CPU.Build.0 = Debug|Any CPU
		{05A46E9E-605C-42B5-AA9C-3B2D909A929E}.Release|Any CPU.ActiveCfg = Release|Any CPU
		{05A46E9E-605C-42B5-AA9C-3B2D909A929E}.Release|Any CPU.Build.0 = Release|Any CPU
	EndGlobalSection
	GlobalSection(SolutionProperties) = preSolution
		HideSolutionNode = FALSE
	EndGlobalSection
EndGlobal
